# THIS IS AN AUTOGENERATED FILE. DO NOT EDIT THIS FILE DIRECTLY.
# yarn lockfile v1


"@babel/parser@^7.23.5":
  version "7.23.6"
  resolved "https://registry.yarnpkg.com/@babel/parser/-/parser-7.23.6.tgz#ba1c9e512bda72a47e285ae42aff9d2a635a9e3b"
  integrity sha512-Z2uID7YJ7oNvAI20O9X0bblw7Qqs8Q2hFy0R9tAfnfLkp5MW0UH9eUvnDSnFwKZ0AvgS1ucqR4KzvVHgnke1VQ==

"@ctrl/tinycolor@^3.4.1":
  version "3.6.1"
  resolved "https://registry.yarnpkg.com/@ctrl/tinycolor/-/tinycolor-3.6.1.tgz#b6c75a56a1947cc916ea058772d666a2c8932f31"
  integrity sha512-SITSV6aIXsuVNV3f3O0f2n/cgyEDWoSqtZMYiAmcsYHydcKrOz3gUxB/iXd/Qf08+IZX4KpgNbvUdMBmWz+kcA==

"@element-plus/icons-vue@^2.1.0", "@element-plus/icons-vue@^2.3.1":
  version "2.3.1"
  resolved "https://registry.yarnpkg.com/@element-plus/icons-vue/-/icons-vue-2.3.1.tgz#1f635ad5fdd5c85ed936481525570e82b5a8307a"
  integrity sha512-XxVUZv48RZAd87ucGS48jPf6pKu0yV5UCg9f4FFwtrYxXOwWuVJo6wOvSLKEoMQKjv8GsX/mhP6UsC1lRwbUWg==

"@esbuild/aix-ppc64@0.19.10":
  version "0.19.10"
  resolved "https://registry.yarnpkg.com/@esbuild/aix-ppc64/-/aix-ppc64-0.19.10.tgz#fb3922a0183d27446de00cf60d4f7baaadf98d84"
  integrity sha512-Q+mk96KJ+FZ30h9fsJl+67IjNJm3x2eX+GBWGmocAKgzp27cowCOOqSdscX80s0SpdFXZnIv/+1xD1EctFx96Q==

"@esbuild/android-arm64@0.19.10":
  version "0.19.10"
  resolved "https://registry.yarnpkg.com/@esbuild/android-arm64/-/android-arm64-0.19.10.tgz#ef31015416dd79398082409b77aaaa2ade4d531a"
  integrity sha512-1X4CClKhDgC3by7k8aOWZeBXQX8dHT5QAMCAQDArCLaYfkppoARvh0fit3X2Qs+MXDngKcHv6XXyQCpY0hkK1Q==

"@esbuild/android-arm@0.19.10":
  version "0.19.10"
  resolved "https://registry.yarnpkg.com/@esbuild/android-arm/-/android-arm-0.19.10.tgz#1c23c7e75473aae9fb323be5d9db225142f47f52"
  integrity sha512-7W0bK7qfkw1fc2viBfrtAEkDKHatYfHzr/jKAHNr9BvkYDXPcC6bodtm8AyLJNNuqClLNaeTLuwURt4PRT9d7w==

"@esbuild/android-x64@0.19.10":
  version "0.19.10"
  resolved "https://registry.yarnpkg.com/@esbuild/android-x64/-/android-x64-0.19.10.tgz#df6a4e6d6eb8da5595cfce16d4e3f6bc24464707"
  integrity sha512-O/nO/g+/7NlitUxETkUv/IvADKuZXyH4BHf/g/7laqKC4i/7whLpB0gvpPc2zpF0q9Q6FXS3TS75QHac9MvVWw==

"@esbuild/darwin-arm64@0.19.10":
  version "0.19.10"
  resolved "https://registry.yarnpkg.com/@esbuild/darwin-arm64/-/darwin-arm64-0.19.10.tgz#8462a55db07c1b2fad61c8244ce04469ef1043be"
  integrity sha512-YSRRs2zOpwypck+6GL3wGXx2gNP7DXzetmo5pHXLrY/VIMsS59yKfjPizQ4lLt5vEI80M41gjm2BxrGZ5U+VMA==

"@esbuild/darwin-x64@0.19.10":
  version "0.19.10"
  resolved "https://registry.yarnpkg.com/@esbuild/darwin-x64/-/darwin-x64-0.19.10.tgz#d1de20bfd41bb75b955ba86a6b1004539e8218c1"
  integrity sha512-alfGtT+IEICKtNE54hbvPg13xGBe4GkVxyGWtzr+yHO7HIiRJppPDhOKq3zstTcVf8msXb/t4eavW3jCDpMSmA==

"@esbuild/freebsd-arm64@0.19.10":
  version "0.19.10"
  resolved "https://registry.yarnpkg.com/@esbuild/freebsd-arm64/-/freebsd-arm64-0.19.10.tgz#16904879e34c53a2e039d1284695d2db3e664d57"
  integrity sha512-dMtk1wc7FSH8CCkE854GyGuNKCewlh+7heYP/sclpOG6Cectzk14qdUIY5CrKDbkA/OczXq9WesqnPl09mj5dg==

"@esbuild/freebsd-x64@0.19.10":
  version "0.19.10"
  resolved "https://registry.yarnpkg.com/@esbuild/freebsd-x64/-/freebsd-x64-0.19.10.tgz#8ad9e5ca9786ca3f1ef1411bfd10b08dcd9d4cef"
  integrity sha512-G5UPPspryHu1T3uX8WiOEUa6q6OlQh6gNl4CO4Iw5PS+Kg5bVggVFehzXBJY6X6RSOMS8iXDv2330VzaObm4Ag==

"@esbuild/linux-arm64@0.19.10":
  version "0.19.10"
  resolved "https://registry.yarnpkg.com/@esbuild/linux-arm64/-/linux-arm64-0.19.10.tgz#d82cf2c590faece82d28bbf1cfbe36f22ae25bd2"
  integrity sha512-QxaouHWZ+2KWEj7cGJmvTIHVALfhpGxo3WLmlYfJ+dA5fJB6lDEIg+oe/0//FuyVHuS3l79/wyBxbHr0NgtxJQ==

"@esbuild/linux-arm@0.19.10":
  version "0.19.10"
  resolved "https://registry.yarnpkg.com/@esbuild/linux-arm/-/linux-arm-0.19.10.tgz#477b8e7c7bcd34369717b04dd9ee6972c84f4029"
  integrity sha512-j6gUW5aAaPgD416Hk9FHxn27On28H4eVI9rJ4az7oCGTFW48+LcgNDBN+9f8rKZz7EEowo889CPKyeaD0iw9Kg==

"@esbuild/linux-ia32@0.19.10":
  version "0.19.10"
  resolved "https://registry.yarnpkg.com/@esbuild/linux-ia32/-/linux-ia32-0.19.10.tgz#d55ff822cf5b0252a57112f86857ff23be6cab0e"
  integrity sha512-4ub1YwXxYjj9h1UIZs2hYbnTZBtenPw5NfXCRgEkGb0b6OJ2gpkMvDqRDYIDRjRdWSe/TBiZltm3Y3Q8SN1xNg==

"@esbuild/linux-loong64@0.14.54":
  version "0.14.54"
  resolved "https://registry.yarnpkg.com/@esbuild/linux-loong64/-/linux-loong64-0.14.54.tgz#de2a4be678bd4d0d1ffbb86e6de779cde5999028"
  integrity sha512-bZBrLAIX1kpWelV0XemxBZllyRmM6vgFQQG2GdNb+r3Fkp0FOh1NJSvekXDs7jq70k4euu1cryLMfU+mTXlEpw==

"@esbuild/linux-loong64@0.19.10":
  version "0.19.10"
  resolved "https://registry.yarnpkg.com/@esbuild/linux-loong64/-/linux-loong64-0.19.10.tgz#a9ad057d7e48d6c9f62ff50f6f208e331c4543c7"
  integrity sha512-lo3I9k+mbEKoxtoIbM0yC/MZ1i2wM0cIeOejlVdZ3D86LAcFXFRdeuZmh91QJvUTW51bOK5W2BznGNIl4+mDaA==

"@esbuild/linux-mips64el@0.19.10":
  version "0.19.10"
  resolved "https://registry.yarnpkg.com/@esbuild/linux-mips64el/-/linux-mips64el-0.19.10.tgz#b011a96924773d60ebab396fbd7a08de66668179"
  integrity sha512-J4gH3zhHNbdZN0Bcr1QUGVNkHTdpijgx5VMxeetSk6ntdt+vR1DqGmHxQYHRmNb77tP6GVvD+K0NyO4xjd7y4A==

"@esbuild/linux-ppc64@0.19.10":
  version "0.19.10"
  resolved "https://registry.yarnpkg.com/@esbuild/linux-ppc64/-/linux-ppc64-0.19.10.tgz#5d8b59929c029811e473f2544790ea11d588d4dd"
  integrity sha512-tgT/7u+QhV6ge8wFMzaklOY7KqiyitgT1AUHMApau32ZlvTB/+efeCtMk4eXS+uEymYK249JsoiklZN64xt6oQ==

"@esbuild/linux-riscv64@0.19.10":
  version "0.19.10"
  resolved "https://registry.yarnpkg.com/@esbuild/linux-riscv64/-/linux-riscv64-0.19.10.tgz#292b06978375b271bd8bc0a554e0822957508d22"
  integrity sha512-0f/spw0PfBMZBNqtKe5FLzBDGo0SKZKvMl5PHYQr3+eiSscfJ96XEknCe+JoOayybWUFQbcJTrk946i3j9uYZA==

"@esbuild/linux-s390x@0.19.10":
  version "0.19.10"
  resolved "https://registry.yarnpkg.com/@esbuild/linux-s390x/-/linux-s390x-0.19.10.tgz#d30af63530f8d4fa96930374c9dd0d62bf59e069"
  integrity sha512-pZFe0OeskMHzHa9U38g+z8Yx5FNCLFtUnJtQMpwhS+r4S566aK2ci3t4NCP4tjt6d5j5uo4h7tExZMjeKoehAA==

"@esbuild/linux-x64@0.19.10":
  version "0.19.10"
  resolved "https://registry.yarnpkg.com/@esbuild/linux-x64/-/linux-x64-0.19.10.tgz#898c72eeb74d9f2fb43acf316125b475548b75ce"
  integrity sha512-SpYNEqg/6pZYoc+1zLCjVOYvxfZVZj6w0KROZ3Fje/QrM3nfvT2llI+wmKSrWuX6wmZeTapbarvuNNK/qepSgA==

"@esbuild/netbsd-x64@0.19.10":
  version "0.19.10"
  resolved "https://registry.yarnpkg.com/@esbuild/netbsd-x64/-/netbsd-x64-0.19.10.tgz#fd473a5ae261b43eab6dad4dbd5a3155906e6c91"
  integrity sha512-ACbZ0vXy9zksNArWlk2c38NdKg25+L9pr/mVaj9SUq6lHZu/35nx2xnQVRGLrC1KKQqJKRIB0q8GspiHI3J80Q==

"@esbuild/openbsd-x64@0.19.10":
  version "0.19.10"
  resolved "https://registry.yarnpkg.com/@esbuild/openbsd-x64/-/openbsd-x64-0.19.10.tgz#96eb8992e526717b5272321eaad3e21f3a608e46"
  integrity sha512-PxcgvjdSjtgPMiPQrM3pwSaG4kGphP+bLSb+cihuP0LYdZv1epbAIecHVl5sD3npkfYBZ0ZnOjR878I7MdJDFg==

"@esbuild/sunos-x64@0.19.10":
  version "0.19.10"
  resolved "https://registry.yarnpkg.com/@esbuild/sunos-x64/-/sunos-x64-0.19.10.tgz#c16ee1c167f903eaaa6acf7372bee42d5a89c9bc"
  integrity sha512-ZkIOtrRL8SEJjr+VHjmW0znkPs+oJXhlJbNwfI37rvgeMtk3sxOQevXPXjmAPZPigVTncvFqLMd+uV0IBSEzqA==

"@esbuild/win32-arm64@0.19.10":
  version "0.19.10"
  resolved "https://registry.yarnpkg.com/@esbuild/win32-arm64/-/win32-arm64-0.19.10.tgz#7e417d1971dbc7e469b4eceb6a5d1d667b5e3dcc"
  integrity sha512-+Sa4oTDbpBfGpl3Hn3XiUe4f8TU2JF7aX8cOfqFYMMjXp6ma6NJDztl5FDG8Ezx0OjwGikIHw+iA54YLDNNVfw==

"@esbuild/win32-ia32@0.19.10":
  version "0.19.10"
  resolved "https://registry.yarnpkg.com/@esbuild/win32-ia32/-/win32-ia32-0.19.10.tgz#2b52dfec6cd061ecb36171c13bae554888b439e5"
  integrity sha512-EOGVLK1oWMBXgfttJdPHDTiivYSjX6jDNaATeNOaCOFEVcfMjtbx7WVQwPSE1eIfCp/CaSF2nSrDtzc4I9f8TQ==

"@esbuild/win32-x64@0.19.10":
  version "0.19.10"
  resolved "https://registry.yarnpkg.com/@esbuild/win32-x64/-/win32-x64-0.19.10.tgz#bd123a74f243d2f3a1f046447bb9b363ee25d072"
  integrity sha512-whqLG6Sc70AbU73fFYvuYzaE4MNMBIlR1Y/IrUeOXFrWHxBEjjbZaQ3IXIQS8wJdAzue2GwYZCjOrgrU1oUHoA==

"@floating-ui/core@^1.4.2":
  version "1.5.2"
  resolved "https://registry.yarnpkg.com/@floating-ui/core/-/core-1.5.2.tgz#53a0f7a98c550e63134d504f26804f6b83dbc071"
  integrity sha512-Ii3MrfY/GAIN3OhXNzpCKaLxHQfJF9qvwq/kEJYdqDxeIHa01K8sldugal6TmeeXl+WMvhv9cnVzUTaFFJF09A==
  dependencies:
    "@floating-ui/utils" "^0.1.3"

"@floating-ui/dom@^1.0.1":
  version "1.5.3"
  resolved "https://registry.yarnpkg.com/@floating-ui/dom/-/dom-1.5.3.tgz#54e50efcb432c06c23cd33de2b575102005436fa"
  integrity sha512-ClAbQnEqJAKCJOEbbLo5IUlZHkNszqhuxS4fHAVxRPXPya6Ysf2G8KypnYcOTpx6I8xcgF9bbHb6g/2KpbV8qA==
  dependencies:
    "@floating-ui/core" "^1.4.2"
    "@floating-ui/utils" "^0.1.3"

"@floating-ui/utils@^0.1.3":
  version "0.1.6"
  resolved "https://registry.yarnpkg.com/@floating-ui/utils/-/utils-0.1.6.tgz#22958c042e10b67463997bd6ea7115fe28cbcaf9"
  integrity sha512-OfX7E2oUDYxtBvsuS4e/jSn4Q9Qb6DzgeYtsAdkPZ47znpoNsMgZw0+tVijiv3uGNR6dgNlty6r9rzIzHjtd/A==

"@hotwired/stimulus@^3.2.2":
  version "3.2.2"
  resolved "https://registry.yarnpkg.com/@hotwired/stimulus/-/stimulus-3.2.2.tgz#071aab59c600fed95b97939e605ff261a4251608"
  integrity sha512-eGeIqNOQpXoPAIP7tC1+1Yc1yl1xnwYqg+3mzqxyrbE5pg5YFBZcA6YoTiByJB6DKAEsiWtl6tjTJS4IYtbB7A==

"@hotwired/turbo-rails@^8.0.0-beta.2":
  version "8.0.0-beta.2"
  resolved "https://registry.yarnpkg.com/@hotwired/turbo-rails/-/turbo-rails-8.0.0-beta.2.tgz#691f8e05ad97f4c192953c4d14d5c288badb3498"
  integrity sha512-t/e2FvOrhkDOWygsxqJ/drCz74j16hfq3wobzST9qFp7wBZXbGuw0dxB7sPpC+4I9s726KKR5ZaN+D8zaaGfPg==
  dependencies:
    "@hotwired/turbo" "^8.0.0-beta.2"
    "@rails/actioncable" "^7.0"

"@hotwired/turbo@^8.0.0-beta.2":
  version "8.0.0-beta.2"
  resolved "https://registry.yarnpkg.com/@hotwired/turbo/-/turbo-8.0.0-beta.2.tgz#f9d01a0ca788ed5bf78a1746e06c3244af2b7535"
  integrity sha512-Ewdz4m+rlBXiqU8hXC9qjrA6/gaYlwUWbab8M/+/PW3KEoZ36pqvLt4l7wEXELPk699bRXVFS08mt3icJ0idfg==

"@jridgewell/sourcemap-codec@^1.4.15":
  version "1.4.15"
  resolved "https://registry.yarnpkg.com/@jridgewell/sourcemap-codec/-/sourcemap-codec-1.4.15.tgz#d7c6e6755c78567a951e04ab52ef0fd26de59f32"
  integrity sha512-eF2rxCRulEKXHTRiDrDy6erMYWqNw4LPdQ8UQA4huuxaQsVeRPFl2oM8oDGxMFhJUWZf9McpLtJasDDZb/Bpeg==

"@popperjs/core@npm:@sxzz/popperjs-es@^2.11.7":
  version "2.11.7"
  resolved "https://registry.yarnpkg.com/@sxzz/popperjs-es/-/popperjs-es-2.11.7.tgz#a7f69e3665d3da9b115f9e71671dae1b97e13671"
  integrity sha512-Ccy0NlLkzr0Ex2FKvh2X+OyERHXJ88XJ1MXtsI9y9fGexlaXaVTPzBCRBwIxFkORuOb+uBqeu+RqnpgYTEZRUQ==

"@rails/actioncable@^7.0":
  version "7.1.2"
  resolved "https://registry.yarnpkg.com/@rails/actioncable/-/actioncable-7.1.2.tgz#d261ff4b72844f5af496671346ec478798f4ac2c"
  integrity sha512-KGziTZfbmGm8/fHOpj515xupbYU+49hsp4etfdpoDJ/CEY2bRZR0cyFcJkpK6n0t/sxOHNWY6bo9vSgXZvT7Mg==

"@rails/actiontext@^7.1.1":
  version "7.1.2"
  resolved "https://registry.yarnpkg.com/@rails/actiontext/-/actiontext-7.1.2.tgz#2f7772b33951f76a07e9ff83d54519c362d99fd5"
  integrity sha512-qiSUtop7rIb9BlwvgU98u+y8erlWhOiV0AveoHQ4EzN11VAWj3Euao9O+Q1iEJfIPcgXRvnsVLIJPrz3ldizFg==
  dependencies:
    "@rails/activestorage" ">= 7.1.0-alpha"

"@rails/activestorage@>= 7.1.0-alpha":
  version "7.1.2"
  resolved "https://registry.yarnpkg.com/@rails/activestorage/-/activestorage-7.1.2.tgz#088dce680fa1e0a4f8e0c5ac91073f729204ed06"
  integrity sha512-evC/xGlpq5XGpcNJina3oNVVB8pUp1GpnN3a84SVA+UNuB6O91OdNRl9BGHNAOo6/jxmFtLb73PIjWqQyVE14w==
  dependencies:
    spark-md5 "^3.0.1"

"@types/lodash-es@^4.17.6":
  version "4.17.12"
  resolved "https://registry.yarnpkg.com/@types/lodash-es/-/lodash-es-4.17.12.tgz#65f6d1e5f80539aa7cfbfc962de5def0cf4f341b"
  integrity sha512-0NgftHUcV4v34VhXm8QBSftKVXtbkBG3ViCjs6+eJ5a6y6Mi/jiFGPc1sC7QK+9BFhWrURE3EOggmWaSxL9OzQ==
  dependencies:
    "@types/lodash" "*"

"@types/lodash@*", "@types/lodash@^4.14.182":
  version "4.14.202"
  resolved "https://registry.yarnpkg.com/@types/lodash/-/lodash-4.14.202.tgz#f09dbd2fb082d507178b2f2a5c7e74bd72ff98f8"
  integrity sha512-OvlIYQK9tNneDlS0VN54LLd5uiPCBOp7gS5Z0f1mjoJYBrtStzgmJBxONW3U6OZqdtNzZPmn9BS/7WI7BFFcFQ==

"@types/web-bluetooth@^0.0.16":
  version "0.0.16"
  resolved "https://registry.yarnpkg.com/@types/web-bluetooth/-/web-bluetooth-0.0.16.tgz#1d12873a8e49567371f2a75fe3e7f7edca6662d8"
  integrity sha512-oh8q2Zc32S6gd/j50GowEjKLoOVOwHP/bWVjKJInBwQqdOYMdPrf1oVlelTlyfFK3CKxL1uahMDAr+vy8T7yMQ==

"@vue/compiler-core@3.3.13", "@vue/compiler-core@^3.2.26":
  version "3.3.13"
  resolved "https://registry.yarnpkg.com/@vue/compiler-core/-/compiler-core-3.3.13.tgz#b3d5f8f84caee5de3f31d95cb568d899fd19c599"
  integrity sha512-bwi9HShGu7uaZLOErZgsH2+ojsEdsjerbf2cMXPwmvcgZfVPZ2BVZzCVnwZBxTAYd6Mzbmf6izcUNDkWnBBQ6A==
  dependencies:
    "@babel/parser" "^7.23.5"
    "@vue/shared" "3.3.13"
    estree-walker "^2.0.2"
    source-map-js "^1.0.2"

"@vue/compiler-dom@3.3.13":
  version "3.3.13"
  resolved "https://registry.yarnpkg.com/@vue/compiler-dom/-/compiler-dom-3.3.13.tgz#d029e222e545e7ab00be35aafd3abed167f962bf"
  integrity sha512-EYRDpbLadGtNL0Gph+HoKiYqXLqZ0xSSpR5Dvnu/Ep7ggaCbjRDIus1MMxTS2Qm0koXED4xSlvTZaTnI8cYAsw==
  dependencies:
    "@vue/compiler-core" "3.3.13"
    "@vue/shared" "3.3.13"

"@vue/compiler-sfc@3.3.13", "@vue/compiler-sfc@^3.2.26":
  version "3.3.13"
  resolved "https://registry.yarnpkg.com/@vue/compiler-sfc/-/compiler-sfc-3.3.13.tgz#7b397acefd5c0c3808701d2855be88c4be60155c"
  integrity sha512-DQVmHEy/EKIgggvnGRLx21hSqnr1smUS9Aq8tfxiiot8UR0/pXKHN9k78/qQ7etyQTFj5em5nruODON7dBeumw==
  dependencies:
    "@babel/parser" "^7.23.5"
    "@vue/compiler-core" "3.3.13"
    "@vue/compiler-dom" "3.3.13"
    "@vue/compiler-ssr" "3.3.13"
    "@vue/reactivity-transform" "3.3.13"
    "@vue/shared" "3.3.13"
    estree-walker "^2.0.2"
    magic-string "^0.30.5"
    postcss "^8.4.32"
    source-map-js "^1.0.2"

"@vue/compiler-ssr@3.3.13":
  version "3.3.13"
  resolved "https://registry.yarnpkg.com/@vue/compiler-ssr/-/compiler-ssr-3.3.13.tgz#ad8748abff8d738ac9c6a3c47be42020f0fbaa63"
  integrity sha512-d/P3bCeUGmkJNS1QUZSAvoCIW4fkOKK3l2deE7zrp0ypJEy+En2AcypIkqvcFQOcw3F0zt2VfMvNsA9JmExTaw==
  dependencies:
    "@vue/compiler-dom" "3.3.13"
    "@vue/shared" "3.3.13"

"@vue/reactivity-transform@3.3.13":
  version "3.3.13"
  resolved "https://registry.yarnpkg.com/@vue/reactivity-transform/-/reactivity-transform-3.3.13.tgz#dc8e9be961865dc666e367e1aaaea0716afa5c90"
  integrity sha512-oWnydGH0bBauhXvh5KXUy61xr9gKaMbtsMHk40IK9M4gMuKPJ342tKFarY0eQ6jef8906m35q37wwA8DMZOm5Q==
  dependencies:
    "@babel/parser" "^7.23.5"
    "@vue/compiler-core" "3.3.13"
    "@vue/shared" "3.3.13"
    estree-walker "^2.0.2"
    magic-string "^0.30.5"

"@vue/reactivity@3.3.13":
  version "3.3.13"
  resolved "https://registry.yarnpkg.com/@vue/reactivity/-/reactivity-3.3.13.tgz#9b1dff3b523a69997b66cba2f86f83839e8285fb"
  integrity sha512-fjzCxceMahHhi4AxUBzQqqVhuA21RJ0COaWTbIBl1PruGW1CeY97louZzLi4smpYx+CHfFPPU/CS8NybbGvPKQ==
  dependencies:
    "@vue/shared" "3.3.13"

"@vue/runtime-core@3.3.13":
  version "3.3.13"
  resolved "https://registry.yarnpkg.com/@vue/runtime-core/-/runtime-core-3.3.13.tgz#e8414218e8c7db94acfcec6fd12044704adda9cf"
  integrity sha512-1TzA5TvGuh2zUwMJgdfvrBABWZ7y8kBwBhm7BXk8rvdx2SsgcGfz2ruv2GzuGZNvL1aKnK8CQMV/jFOrxNQUMA==
  dependencies:
    "@vue/reactivity" "3.3.13"
    "@vue/shared" "3.3.13"

"@vue/runtime-dom@3.3.13":
  version "3.3.13"
  resolved "https://registry.yarnpkg.com/@vue/runtime-dom/-/runtime-dom-3.3.13.tgz#36b42b479d5a394972f305ca8e95c5f648bf55ef"
  integrity sha512-JJkpE8R/hJKXqVTgUoODwS5wqKtOsmJPEqmp90PDVGygtJ4C0PtOkcEYXwhiVEmef6xeXcIlrT3Yo5aQ4qkHhQ==
  dependencies:
    "@vue/runtime-core" "3.3.13"
    "@vue/shared" "3.3.13"
    csstype "^3.1.3"

"@vue/server-renderer@3.3.13":
  version "3.3.13"
  resolved "https://registry.yarnpkg.com/@vue/server-renderer/-/server-renderer-3.3.13.tgz#fccdd0787798173be8929f40f23161c17b60ed36"
  integrity sha512-vSnN+nuf6iSqTL3Qgx/9A+BT+0Zf/VJOgF5uMZrKjYPs38GMYyAU1coDyBNHauehXDaP+zl73VhwWv0vBRBHcg==
  dependencies:
    "@vue/compiler-ssr" "3.3.13"
    "@vue/shared" "3.3.13"

"@vue/shared@3.3.13":
  version "3.3.13"
  resolved "https://registry.yarnpkg.com/@vue/shared/-/shared-3.3.13.tgz#4cb73cda958d77ffd389c8640cf7d93a10ac676f"
  integrity sha512-/zYUwiHD8j7gKx2argXEMCUXVST6q/21DFU0sTfNX0URJroCe3b1UF6vLJ3lQDfLNIiiRl2ONp7Nh5UVWS6QnA==

"@vueuse/core@^9.1.0":
  version "9.13.0"
  resolved "https://registry.yarnpkg.com/@vueuse/core/-/core-9.13.0.tgz#2f69e66d1905c1e4eebc249a01759cf88ea00cf4"
  integrity sha512-pujnclbeHWxxPRqXWmdkKV5OX4Wk4YeK7wusHqRwU0Q7EFusHoqNA/aPhB6KCh9hEqJkLAJo7bb0Lh9b+OIVzw==
  dependencies:
    "@types/web-bluetooth" "^0.0.16"
    "@vueuse/metadata" "9.13.0"
    "@vueuse/shared" "9.13.0"
    vue-demi "*"

"@vueuse/metadata@9.13.0":
  version "9.13.0"
  resolved "https://registry.yarnpkg.com/@vueuse/metadata/-/metadata-9.13.0.tgz#bc25a6cdad1b1a93c36ce30191124da6520539ff"
  integrity sha512-gdU7TKNAUVlXXLbaF+ZCfte8BjRJQWPCa2J55+7/h+yDtzw3vOoGQDRXzI6pyKyo6bXFT5/QoPE4hAknExjRLQ==

"@vueuse/shared@9.13.0":
  version "9.13.0"
  resolved "https://registry.yarnpkg.com/@vueuse/shared/-/shared-9.13.0.tgz#089ff4cc4e2e7a4015e57a8f32e4b39d096353b9"
  integrity sha512-UrnhU+Cnufu4S6JLCPZnkWh0WwZGUp72ktOF2DFptMlOs3TOdVv8xJN53zhHGARmVOsz5KqOls09+J1NR6sBKw==
  dependencies:
    vue-demi "*"

async-validator@^4.2.5:
  version "4.2.5"
  resolved "https://registry.yarnpkg.com/async-validator/-/async-validator-4.2.5.tgz#c96ea3332a521699d0afaaceed510a54656c6339"
  integrity sha512-7HhHjtERjqlNbZtqNqy2rckN/SpOOlmDliet+lP7k+eKZEjPk3DgyeU9lIXLdeLz0uBbbVp+9Qdow9wJWgwwfg==

csstype@^3.1.3:
  version "3.1.3"
  resolved "https://registry.yarnpkg.com/csstype/-/csstype-3.1.3.tgz#d80ff294d114fb0e6ac500fbf85b60137d7eff81"
  integrity sha512-M1uQkMl8rQK/szD0LNhtqxIPLpimGm8sOBwU7lLnCpSbTyY3yeU1Vc7l4KT5zT4s/yOxHH5O7tIuuLOCnLADRw==

dayjs@^1.11.3:
  version "1.11.10"
  resolved "https://registry.yarnpkg.com/dayjs/-/dayjs-1.11.10.tgz#68acea85317a6e164457d6d6947564029a6a16a0"
  integrity sha512-vjAczensTgRcqDERK0SR2XMwsF/tSvnvlv6VcF2GIhg6Sx4yOIt/irsr1RDJsKiIyBzJDpCoXiWWq28MqH2cnQ==

element-plus@^2.4.4:
  version "2.4.4"
  resolved "https://registry.yarnpkg.com/element-plus/-/element-plus-2.4.4.tgz#962be40b4843381af04b8f799bfc142072184b8b"
  integrity sha512-TlKubXJgxwhER0dw+8ULn9hr9kZjraV4R6Q/eidwWUwCKxwXYPBGmMKsZ/85tlxlhMYbcLZd/YZh6G3QkHX4fg==
  dependencies:
    "@ctrl/tinycolor" "^3.4.1"
    "@element-plus/icons-vue" "^2.3.1"
    "@floating-ui/dom" "^1.0.1"
    "@popperjs/core" "npm:@sxzz/popperjs-es@^2.11.7"
    "@types/lodash" "^4.14.182"
    "@types/lodash-es" "^4.17.6"
    "@vueuse/core" "^9.1.0"
    async-validator "^4.2.5"
    dayjs "^1.11.3"
    escape-html "^1.0.3"
    lodash "^4.17.21"
    lodash-es "^4.17.21"
    lodash-unified "^1.0.2"
    memoize-one "^6.0.0"
    normalize-wheel-es "^1.2.0"

esbuild-android-64@0.14.54:
  version "0.14.54"
  resolved "https://registry.yarnpkg.com/esbuild-android-64/-/esbuild-android-64-0.14.54.tgz#505f41832884313bbaffb27704b8bcaa2d8616be"
  integrity sha512-Tz2++Aqqz0rJ7kYBfz+iqyE3QMycD4vk7LBRyWaAVFgFtQ/O8EJOnVmTOiDWYZ/uYzB4kvP+bqejYdVKzE5lAQ==

esbuild-android-arm64@0.14.54:
  version "0.14.54"
  resolved "https://registry.yarnpkg.com/esbuild-android-arm64/-/esbuild-android-arm64-0.14.54.tgz#8ce69d7caba49646e009968fe5754a21a9871771"
  integrity sha512-F9E+/QDi9sSkLaClO8SOV6etqPd+5DgJje1F9lOWoNncDdOBL2YF59IhsWATSt0TLZbYCf3pNlTHvVV5VfHdvg==

esbuild-darwin-64@0.14.54:
  version "0.14.54"
  resolved "https://registry.yarnpkg.com/esbuild-darwin-64/-/esbuild-darwin-64-0.14.54.tgz#24ba67b9a8cb890a3c08d9018f887cc221cdda25"
  integrity sha512-jtdKWV3nBviOd5v4hOpkVmpxsBy90CGzebpbO9beiqUYVMBtSc0AL9zGftFuBon7PNDcdvNCEuQqw2x0wP9yug==

esbuild-darwin-arm64@0.14.54:
  version "0.14.54"
  resolved "https://registry.yarnpkg.com/esbuild-darwin-arm64/-/esbuild-darwin-arm64-0.14.54.tgz#3f7cdb78888ee05e488d250a2bdaab1fa671bf73"
  integrity sha512-OPafJHD2oUPyvJMrsCvDGkRrVCar5aVyHfWGQzY1dWnzErjrDuSETxwA2HSsyg2jORLY8yBfzc1MIpUkXlctmw==

esbuild-freebsd-64@0.14.54:
  version "0.14.54"
  resolved "https://registry.yarnpkg.com/esbuild-freebsd-64/-/esbuild-freebsd-64-0.14.54.tgz#09250f997a56ed4650f3e1979c905ffc40bbe94d"
  integrity sha512-OKwd4gmwHqOTp4mOGZKe/XUlbDJ4Q9TjX0hMPIDBUWWu/kwhBAudJdBoxnjNf9ocIB6GN6CPowYpR/hRCbSYAg==

esbuild-freebsd-arm64@0.14.54:
  version "0.14.54"
  resolved "https://registry.yarnpkg.com/esbuild-freebsd-arm64/-/esbuild-freebsd-arm64-0.14.54.tgz#bafb46ed04fc5f97cbdb016d86947a79579f8e48"
  integrity sha512-sFwueGr7OvIFiQT6WeG0jRLjkjdqWWSrfbVwZp8iMP+8UHEHRBvlaxL6IuKNDwAozNUmbb8nIMXa7oAOARGs1Q==

esbuild-linux-32@0.14.54:
  version "0.14.54"
  resolved "https://registry.yarnpkg.com/esbuild-linux-32/-/esbuild-linux-32-0.14.54.tgz#e2a8c4a8efdc355405325033fcebeb941f781fe5"
  integrity sha512-1ZuY+JDI//WmklKlBgJnglpUL1owm2OX+8E1syCD6UAxcMM/XoWd76OHSjl/0MR0LisSAXDqgjT3uJqT67O3qw==

esbuild-linux-64@0.14.54:
  version "0.14.54"
  resolved "https://registry.yarnpkg.com/esbuild-linux-64/-/esbuild-linux-64-0.14.54.tgz#de5fdba1c95666cf72369f52b40b03be71226652"
  integrity sha512-EgjAgH5HwTbtNsTqQOXWApBaPVdDn7XcK+/PtJwZLT1UmpLoznPd8c5CxqsH2dQK3j05YsB3L17T8vE7cp4cCg==

esbuild-linux-arm64@0.14.54:
  version "0.14.54"
  resolved "https://registry.yarnpkg.com/esbuild-linux-arm64/-/esbuild-linux-arm64-0.14.54.tgz#dae4cd42ae9787468b6a5c158da4c84e83b0ce8b"
  integrity sha512-WL71L+0Rwv+Gv/HTmxTEmpv0UgmxYa5ftZILVi2QmZBgX3q7+tDeOQNqGtdXSdsL8TQi1vIaVFHUPDe0O0kdig==

esbuild-linux-arm@0.14.54:
  version "0.14.54"
  resolved "https://registry.yarnpkg.com/esbuild-linux-arm/-/esbuild-linux-arm-0.14.54.tgz#a2c1dff6d0f21dbe8fc6998a122675533ddfcd59"
  integrity sha512-qqz/SjemQhVMTnvcLGoLOdFpCYbz4v4fUo+TfsWG+1aOu70/80RV6bgNpR2JCrppV2moUQkww+6bWxXRL9YMGw==

esbuild-linux-mips64le@0.14.54:
  version "0.14.54"
  resolved "https://registry.yarnpkg.com/esbuild-linux-mips64le/-/esbuild-linux-mips64le-0.14.54.tgz#d9918e9e4cb972f8d6dae8e8655bf9ee131eda34"
  integrity sha512-qTHGQB8D1etd0u1+sB6p0ikLKRVuCWhYQhAHRPkO+OF3I/iSlTKNNS0Lh2Oc0g0UFGguaFZZiPJdJey3AGpAlw==

esbuild-linux-ppc64le@0.14.54:
  version "0.14.54"
  resolved "https://registry.yarnpkg.com/esbuild-linux-ppc64le/-/esbuild-linux-ppc64le-0.14.54.tgz#3f9a0f6d41073fb1a640680845c7de52995f137e"
  integrity sha512-j3OMlzHiqwZBDPRCDFKcx595XVfOfOnv68Ax3U4UKZ3MTYQB5Yz3X1mn5GnodEVYzhtZgxEBidLWeIs8FDSfrQ==

esbuild-linux-riscv64@0.14.54:
  version "0.14.54"
  resolved "https://registry.yarnpkg.com/esbuild-linux-riscv64/-/esbuild-linux-riscv64-0.14.54.tgz#618853c028178a61837bc799d2013d4695e451c8"
  integrity sha512-y7Vt7Wl9dkOGZjxQZnDAqqn+XOqFD7IMWiewY5SPlNlzMX39ocPQlOaoxvT4FllA5viyV26/QzHtvTjVNOxHZg==

esbuild-linux-s390x@0.14.54:
  version "0.14.54"
  resolved "https://registry.yarnpkg.com/esbuild-linux-s390x/-/esbuild-linux-s390x-0.14.54.tgz#d1885c4c5a76bbb5a0fe182e2c8c60eb9e29f2a6"
  integrity sha512-zaHpW9dziAsi7lRcyV4r8dhfG1qBidQWUXweUjnw+lliChJqQr+6XD71K41oEIC3Mx1KStovEmlzm+MkGZHnHA==

esbuild-netbsd-64@0.14.54:
  version "0.14.54"
  resolved "https://registry.yarnpkg.com/esbuild-netbsd-64/-/esbuild-netbsd-64-0.14.54.tgz#69ae917a2ff241b7df1dbf22baf04bd330349e81"
  integrity sha512-PR01lmIMnfJTgeU9VJTDY9ZerDWVFIUzAtJuDHwwceppW7cQWjBBqP48NdeRtoP04/AtO9a7w3viI+PIDr6d+w==

esbuild-openbsd-64@0.14.54:
  version "0.14.54"
  resolved "https://registry.yarnpkg.com/esbuild-openbsd-64/-/esbuild-openbsd-64-0.14.54.tgz#db4c8495287a350a6790de22edea247a57c5d47b"
  integrity sha512-Qyk7ikT2o7Wu76UsvvDS5q0amJvmRzDyVlL0qf5VLsLchjCa1+IAvd8kTBgUxD7VBUUVgItLkk609ZHUc1oCaw==

esbuild-plugin-vue3@^0.4.0:
  version "0.4.0"
  resolved "https://registry.yarnpkg.com/esbuild-plugin-vue3/-/esbuild-plugin-vue3-0.4.0.tgz#d168a73852f44b1f532bcb39e946a0fc755faf3e"
  integrity sha512-CRm34hWeyMKITJmfsE2yEinG0HoV2DgCAv4sa8fiWqN0zxhpXkVX1Rd/glyYAfkY+4CzBEn6azPlfTBWlqByYg==
  dependencies:
    "@vue/compiler-core" "^3.2.26"
    "@vue/compiler-sfc" "^3.2.26"
    esbuild "^0.14.8"
    typescript "^4.7.4"

esbuild-sunos-64@0.14.54:
  version "0.14.54"
  resolved "https://registry.yarnpkg.com/esbuild-sunos-64/-/esbuild-sunos-64-0.14.54.tgz#54287ee3da73d3844b721c21bc80c1dc7e1bf7da"
  integrity sha512-28GZ24KmMSeKi5ueWzMcco6EBHStL3B6ubM7M51RmPwXQGLe0teBGJocmWhgwccA1GeFXqxzILIxXpHbl9Q/Kw==

esbuild-windows-32@0.14.54:
  version "0.14.54"
  resolved "https://registry.yarnpkg.com/esbuild-windows-32/-/esbuild-windows-32-0.14.54.tgz#f8aaf9a5667630b40f0fb3aa37bf01bbd340ce31"
  integrity sha512-T+rdZW19ql9MjS7pixmZYVObd9G7kcaZo+sETqNH4RCkuuYSuv9AGHUVnPoP9hhuE1WM1ZimHz1CIBHBboLU7w==

esbuild-windows-64@0.14.54:
  version "0.14.54"
  resolved "https://registry.yarnpkg.com/esbuild-windows-64/-/esbuild-windows-64-0.14.54.tgz#bf54b51bd3e9b0f1886ffdb224a4176031ea0af4"
  integrity sha512-AoHTRBUuYwXtZhjXZbA1pGfTo8cJo3vZIcWGLiUcTNgHpJJMC1rVA44ZereBHMJtotyN71S8Qw0npiCIkW96cQ==

esbuild-windows-arm64@0.14.54:
  version "0.14.54"
  resolved "https://registry.yarnpkg.com/esbuild-windows-arm64/-/esbuild-windows-arm64-0.14.54.tgz#937d15675a15e4b0e4fafdbaa3a01a776a2be982"
  integrity sha512-M0kuUvXhot1zOISQGXwWn6YtS+Y/1RT9WrVIOywZnJHo3jCDyewAc79aKNQWFCQm+xNHVTq9h8dZKvygoXQQRg==

esbuild@^0.14.8:
  version "0.14.54"
  resolved "https://registry.yarnpkg.com/esbuild/-/esbuild-0.14.54.tgz#8b44dcf2b0f1a66fc22459943dccf477535e9aa2"
  integrity sha512-Cy9llcy8DvET5uznocPyqL3BFRrFXSVqbgpMJ9Wz8oVjZlh/zUSNbPRbov0VX7VxN2JH1Oa0uNxZ7eLRb62pJA==
  optionalDependencies:
    "@esbuild/linux-loong64" "0.14.54"
    esbuild-android-64 "0.14.54"
    esbuild-android-arm64 "0.14.54"
    esbuild-darwin-64 "0.14.54"
    esbuild-darwin-arm64 "0.14.54"
    esbuild-freebsd-64 "0.14.54"
    esbuild-freebsd-arm64 "0.14.54"
    esbuild-linux-32 "0.14.54"
    esbuild-linux-64 "0.14.54"
    esbuild-linux-arm "0.14.54"
    esbuild-linux-arm64 "0.14.54"
    esbuild-linux-mips64le "0.14.54"
    esbuild-linux-ppc64le "0.14.54"
    esbuild-linux-riscv64 "0.14.54"
    esbuild-linux-s390x "0.14.54"
    esbuild-netbsd-64 "0.14.54"
    esbuild-openbsd-64 "0.14.54"
    esbuild-sunos-64 "0.14.54"
    esbuild-windows-32 "0.14.54"
    esbuild-windows-64 "0.14.54"
    esbuild-windows-arm64 "0.14.54"

esbuild@^0.19.10:
  version "0.19.10"
  resolved "https://registry.yarnpkg.com/esbuild/-/esbuild-0.19.10.tgz#55e83e4a6b702e3498b9f872d84bfb4ebcb6d16e"
  integrity sha512-S1Y27QGt/snkNYrRcswgRFqZjaTG5a5xM3EQo97uNBnH505pdzSNe/HLBq1v0RO7iK/ngdbhJB6mDAp0OK+iUA==
  optionalDependencies:
    "@esbuild/aix-ppc64" "0.19.10"
    "@esbuild/android-arm" "0.19.10"
    "@esbuild/android-arm64" "0.19.10"
    "@esbuild/android-x64" "0.19.10"
    "@esbuild/darwin-arm64" "0.19.10"
    "@esbuild/darwin-x64" "0.19.10"
    "@esbuild/freebsd-arm64" "0.19.10"
    "@esbuild/freebsd-x64" "0.19.10"
    "@esbuild/linux-arm" "0.19.10"
    "@esbuild/linux-arm64" "0.19.10"
    "@esbuild/linux-ia32" "0.19.10"
    "@esbuild/linux-loong64" "0.19.10"
    "@esbuild/linux-mips64el" "0.19.10"
    "@esbuild/linux-ppc64" "0.19.10"
    "@esbuild/linux-riscv64" "0.19.10"
    "@esbuild/linux-s390x" "0.19.10"
    "@esbuild/linux-x64" "0.19.10"
    "@esbuild/netbsd-x64" "0.19.10"
    "@esbuild/openbsd-x64" "0.19.10"
    "@esbuild/sunos-x64" "0.19.10"
    "@esbuild/win32-arm64" "0.19.10"
    "@esbuild/win32-ia32" "0.19.10"
    "@esbuild/win32-x64" "0.19.10"

escape-html@^1.0.3:
  version "1.0.3"
  resolved "https://registry.yarnpkg.com/escape-html/-/escape-html-1.0.3.tgz#0258eae4d3d0c0974de1c169188ef0051d1d1988"
  integrity sha512-NiSupZ4OeuGwr68lGIeym/ksIZMJodUGOSCZ/FSnTxcrekbvqrgdUxlJOMpijaKZVjAJrWrGs/6Jy8OMuyj9ow==

estree-walker@^2.0.2:
  version "2.0.2"
  resolved "https://registry.yarnpkg.com/estree-walker/-/estree-walker-2.0.2.tgz#52f010178c2a4c117a7757cfe942adb7d2da4cac"
  integrity sha512-Rfkk/Mp/DL7JVje3u18FxFujQlTNR2q6QfMSMB7AvCBx91NGj/ba3kCfza0f6dVDbw7YlRf/nDrn7pQrCCyQ/w==

lodash-es@^4.17.21:
  version "4.17.21"
  resolved "https://registry.yarnpkg.com/lodash-es/-/lodash-es-4.17.21.tgz#43e626c46e6591b7750beb2b50117390c609e3ee"
  integrity sha512-mKnC+QJ9pWVzv+C4/U3rRsHapFfHvQFoFB92e52xeyGMcX6/OlIl78je1u8vePzYZSkkogMPJ2yjxxsb89cxyw==

lodash-unified@^1.0.2:
  version "1.0.3"
  resolved "https://registry.yarnpkg.com/lodash-unified/-/lodash-unified-1.0.3.tgz#80b1eac10ed2eb02ed189f08614a29c27d07c894"
  integrity sha512-WK9qSozxXOD7ZJQlpSqOT+om2ZfcT4yO+03FuzAHD0wF6S0l0090LRPDx3vhTTLZ8cFKpBn+IOcVXK6qOcIlfQ==

lodash@^4.17.21:
  version "4.17.21"
  resolved "https://registry.yarnpkg.com/lodash/-/lodash-4.17.21.tgz#679591c564c3bffaae8454cf0b3df370c3d6911c"
  integrity sha512-v2kDEe57lecTulaDIuNTPy3Ry4gLGJ6Z1O3vE1krgXZNrsQ+LFTGHVxVjcXPs17LhbZVGedAJv8XZ1tvj5FvSg==

magic-string@^0.30.5:
  version "0.30.5"
  resolved "https://registry.yarnpkg.com/magic-string/-/magic-string-0.30.5.tgz#1994d980bd1c8835dc6e78db7cbd4ae4f24746f9"
  integrity sha512-7xlpfBaQaP/T6Vh8MO/EqXSW5En6INHEvEXQiuff7Gku0PWjU3uf6w/j9o7O+SpB5fOAkrI5HeoNgwjEO0pFsA==
  dependencies:
    "@jridgewell/sourcemap-codec" "^1.4.15"

memoize-one@^6.0.0:
  version "6.0.0"
  resolved "https://registry.yarnpkg.com/memoize-one/-/memoize-one-6.0.0.tgz#b2591b871ed82948aee4727dc6abceeeac8c1045"
  integrity sha512-rkpe71W0N0c0Xz6QD0eJETuWAJGnJ9afsl1srmwPrI+yBCkge5EycXXbYRyvL29zZVUWQCY7InPRCv3GDXuZNw==

nanoid@^3.3.7:
  version "3.3.7"
  resolved "https://registry.yarnpkg.com/nanoid/-/nanoid-3.3.7.tgz#d0c301a691bc8d54efa0a2226ccf3fe2fd656bd8"
  integrity sha512-eSRppjcPIatRIMC1U6UngP8XFcz8MQWGQdt1MTBQ7NaAmvXDfvNxbvWV3x2y6CdEUciCSsDHDQZbhYaB8QEo2g==

normalize-wheel-es@^1.2.0:
  version "1.2.0"
  resolved "https://registry.yarnpkg.com/normalize-wheel-es/-/normalize-wheel-es-1.2.0.tgz#0fa2593d619f7245a541652619105ab076acf09e"
  integrity sha512-Wj7+EJQ8mSuXr2iWfnujrimU35R2W4FAErEyTmJoJ7ucwTn2hOUSsRehMb5RSYkxXGTM7Y9QpvPmp++w5ftoJw==

picocolors@^1.0.0:
  version "1.0.0"
  resolved "https://registry.yarnpkg.com/picocolors/-/picocolors-1.0.0.tgz#cb5bdc74ff3f51892236eaf79d68bc44564ab81c"
  integrity sha512-1fygroTLlHu66zi26VoTDv8yRgm0Fccecssto+MhsZ0D/DGW2sm8E8AjW7NU5VVTRt5GxbeZ5qBuJr+HyLYkjQ==

postcss@^8.4.32:
  version "8.4.32"
  resolved "https://registry.yarnpkg.com/postcss/-/postcss-8.4.32.tgz#1dac6ac51ab19adb21b8b34fd2d93a86440ef6c9"
  integrity sha512-D/kj5JNu6oo2EIy+XL/26JEDTlIbB8hw85G8StOE6L74RQAVVP5rej6wxCNqyMbR4RkPfqvezVbPw81Ngd6Kcw==
  dependencies:
    nanoid "^3.3.7"
    picocolors "^1.0.0"
    source-map-js "^1.0.2"

source-map-js@^1.0.2:
  version "1.0.2"
  resolved "https://registry.yarnpkg.com/source-map-js/-/source-map-js-1.0.2.tgz#adbc361d9c62df380125e7f161f71c826f1e490c"
  integrity sha512-R0XvVJ9WusLiqTCEiGCmICCMplcCkIwwR11mOSD9CR5u+IXYdiseeEuXCVAjS54zqwkLcPNnmU4OeJ6tUrWhDw==

spark-md5@^3.0.1:
  version "3.0.2"
  resolved "https://registry.yarnpkg.com/spark-md5/-/spark-md5-3.0.2.tgz#7952c4a30784347abcee73268e473b9c0167e3fc"
  integrity sha512-wcFzz9cDfbuqe0FZzfi2or1sgyIrsDwmPwfZC4hiNidPdPINjeUwNfv5kldczoEAcjl9Y1L3SM7Uz2PUEQzxQw==

typescript@^4.7.4:
  version "4.9.5"
  resolved "https://registry.yarnpkg.com/typescript/-/typescript-4.9.5.tgz#095979f9bcc0d09da324d58d03ce8f8374cbe65a"
  integrity sha512-1FXk9E2Hm+QzZQ7z+McJiHL4NW1F2EzMu9Nq9i3zAaGqibafqYwCVU6WyWAuyQRRzOlxou8xZSyXLEN8oKj24g==

vue-demi@*:
  version "0.14.6"
  resolved "https://registry.yarnpkg.com/vue-demi/-/vue-demi-0.14.6.tgz#dc706582851dc1cdc17a0054f4fec2eb6df74c92"
  integrity sha512-8QA7wrYSHKaYgUxDA5ZC24w+eHm3sYCbp0EzcDwKqN3p6HqtTCGR/GVsPyZW92unff4UlcSh++lmqDWN3ZIq4w==

vue-turbolinks@^2.2.2:
  version "2.2.2"
  resolved "https://registry.yarnpkg.com/vue-turbolinks/-/vue-turbolinks-2.2.2.tgz#6b7b5c4120f5586907ef977be4b63a734bf8cd36"
  integrity sha512-pPO2Fr+1UgdhUK9dc5OhjLSeYi5LZAm/VZBXOVQgLHCO31bRjAof/+W/e/6SHCbnb1xdZb1gW5T9MX0k9ejSAQ==

vue@^3.3.13:
  version "3.3.13"
  resolved "https://registry.yarnpkg.com/vue/-/vue-3.3.13.tgz#f03098fa1b4e7cc88c133bef92260b55e3767002"
  integrity sha512-LDnUpQvDgsfc0u/YgtAgTMXJlJQqjkxW1PVcOnJA5cshPleULDjHi7U45pl2VJYazSSvLH8UKcid/kzH8I0a0Q==
  dependencies:
    "@vue/compiler-dom" "3.3.13"
    "@vue/compiler-sfc" "3.3.13"
    "@vue/runtime-dom" "3.3.13"
    "@vue/server-renderer" "3.3.13"
    "@vue/shared" "3.3.13"
